
Microsoft Visual Studio Solution File, Format Version 12.00
# Visual Studio Version 17
VisualStudioVersion = 17.11.35312.102
MinimumVisualStudioVersion = 10.0.40219.1
Project("{FAE04EC0-301F-11D3-BF4B-00C04F79EFBC}") = "Group 9 Phase 1 Program A", "Group 9 Phase 1 Program A.csproj", "{3090E4DA-84E4-4C5B-A104-2651C9118DD3}"
EndProject
Global
	GlobalSection(SolutionConfigurationPlatforms) = preSolution
		Debug|Any CPU = Debug|Any CPU
		Release|Any CPU = Release|Any CPU
	EndGlobalSection
	GlobalSection(ProjectConfigurationPlatforms) = postSolution
		{3090E4DA-84E4-4C5B-A104-2651C9118DD3}.Debug|Any CPU.ActiveCfg = Debug|Any CPU
		{3090E4DA-84E4-4C5B-A104-2651C9118DD3}.Debug|Any CPU.Build.0 = Debug|Any CPU
		{3090E4DA-84E4-4C5B-A104-2651C9118DD3}.Release|Any CPU.ActiveCfg = Release|Any CPU
		{3090E4DA-84E4-4C5B-A104-2651C9118DD3}.Release|Any CPU.Build.0 = Release|Any CPU
	EndGlobalSection
	GlobalSection(SolutionProperties) = preSolution
		HideSolutionNode = FALSE
	EndGlobalSection
	GlobalSection(ExtensibilityGlobals) = postSolution
		SolutionGuid = {B510124C-834F-4F99-9895-17A1A5A42935}
	EndGlobalSection
EndGlobal
